// !$*UTF8*$!
{
	archiveVersion = 1;
	classes = {
	};
	objectVersion = 46;
	objects = {

/* Begin PBXBuildFile section */
		F23FE2641DC093EC0067D87B /* main.m in Sources */ = {isa = PBXBuildFile; fileRef = F23FE2631DC093EC0067D87B /* main.m */; };
		F23FE2671DC093EC0067D87B /* AppDelegate.m in Sources */ = {isa = PBXBuildFile; fileRef = F23FE2661DC093EC0067D87B /* AppDelegate.m */; };
		F23FE26A1DC093EC0067D87B /* ViewController.m in Sources */ = {isa = PBXBuildFile; fileRef = F23FE2691DC093EC0067D87B /* ViewController.m */; };
		F23FE26D1DC093EC0067D87B /* Main.storyboard in Resources */ = {isa = PBXBuildFile; fileRef = F23FE26B1DC093EC0067D87B /* Main.storyboard */; };
		F23FE26F1DC093EC0067D87B /* Assets.xcassets in Resources */ = {isa = PBXBuildFile; fileRef = F23FE26E1DC093EC0067D87B /* Assets.xcassets */; };
		F23FE2721DC093EC0067D87B /* LaunchScreen.storyboard in Resources */ = {isa = PBXBuildFile; fileRef = F23FE2701DC093EC0067D87B /* LaunchScreen.storyboard */; };
		F23FE27B1DC09DDC0067D87B /* WhiteBoardView.m in Sources */ = {isa = PBXBuildFile; fileRef = F23FE27A1DC09DDC0067D87B /* WhiteBoardView.m */; };
/* End PBXBuildFile section */

/* Begin PBXFileReference section */
		F23FE25F1DC093EC0067D87B /* demo2.app */ = {isa = PBXFileReference; explicitFileType = wrapper.application; includeInIndex = 0; path = demo2.app; sourceTree = BUILT_PRODUCTS_DIR; };
		F23FE2631DC093EC0067D87B /* main.m */ = {isa = PBXFileReference; lastKnownFileType = sourcecode.c.objc; path = main.m; sourceTree = "<group>"; };
		F23FE2651DC093EC0067D87B /* AppDelegate.h */ = {isa = PBXFileReference; lastKnownFileType = sourcecode.c.h; path = AppDelegate.h; sourceTree = "<group>"; };
		F23FE2661DC093EC0067D87B /* AppDelegate.m */ = {isa = PBXFileReference; lastKnownFileType = sourcecode.c.objc; path = AppDelegate.m; sourceTree = "<group>"; };
		F23FE2681DC093EC0067D87B /* ViewController.h */ = {isa = PBXFileReference; lastKnownFileType = sourcecode.c.h; path = ViewController.h; sourceTree = "<group>"; };
		F23FE2691DC093EC0067D87B /* ViewController.m */ = {isa = PBXFileReference; lastKnownFileType = sourcecode.c.objc; path = ViewController.m; sourceTree = "<group>"; };
		F23FE26C1DC093EC0067D87B /* Base */ = {isa = PBXFileReference; lastKnownFileType = file.storyboard; name = Base; path = Base.lproj/Main.storyboard; sourceTree = "<group>"; };
		F23FE26E1DC093EC0067D87B /* Assets.xcassets */ = {isa = PBXFileReference; lastKnownFileType = folder.assetcatalog; path = Assets.xcassets; sourceTree = "<group>"; };
		F23FE2711DC093EC0067D87B /* Base */ = {isa = PBXFileReference; lastKnownFileType = file.storyboard; name = Base; path = Base.lproj/LaunchScreen.storyboard; sourceTree = "<group>"; };
		F23FE2731DC093EC0067D87B /* Info.plist */ = {isa = PBXFileReference; lastKnownFileType = text.plist.xml; path = Info.plist; sourceTree = "<group>"; };
		F23FE2791DC09DDC0067D87B /* WhiteBoardView.h */ = {isa = PBXFileReference; fileEncoding = 4; lastKnownFileType = sourcecode.c.h; path = WhiteBoardView.h; sourceTree = "<group>"; };
		F23FE27A1DC09DDC0067D87B /* WhiteBoardView.m */ = {isa = PBXFileReference; fileEncoding = 4; lastKnownFileType = sourcecode.c.objc; path = WhiteBoardView.m; sourceTree = "<group>"; };
/* End PBXFileReference section */

/* Begin PBXFrameworksBuildPhase section */
		F23FE25C1DC093EC0067D87B /* Frameworks */ = {
			isa = PBXFrameworksBuildPhase;
			buildActionMask = 2147483647;
			files = (
			);
			runOnlyForDeploymentPostprocessing = 0;
		};
/* End PBXFrameworksBuildPhase section */

/* Begin PBXGroup section */
		F23FE2561DC093EC0067D87B = {
			isa = PBXGroup;
			children = (
				F23FE2611DC093EC0067D87B /* demo2 */,
				F23FE2601DC093EC0067D87B /* Products */,
			);
			sourceTree = "<group>";
		};
		F23FE2601DC093EC0067D87B /* Products */ = {
			isa = PBXGroup;
			children = (
				F23FE25F1DC093EC0067D87B /* demo2.app */,
			);
			name = Products;
			sourceTree = "<group>";
		};
		F23FE2611DC093EC0067D87B /* demo2 */ = {
			isa = PBXGroup;
			children = (
				F23FE2791DC09DDC0067D87B /* WhiteBoardView.h */,
				F23FE27A1DC09DDC0067D87B /* WhiteBoardView.m */,
				F23FE2681DC093EC0067D87B /* ViewController.h */,
				F23FE2691DC093EC0067D87B /* ViewController.m */,
				F23FE2621DC093EC0067D87B /* Supporting Files */,
			);
			path = demo2;
			sourceTree = "<group>";
		};
		F23FE2621DC093EC0067D87B /* Supporting Files */ = {
			isa = PBXGroup;
			children = (
				F23FE26B1DC093EC0067D87B /* Main.storyboard */,
				F23FE26E1DC093EC0067D87B /* Assets.xcassets */,
				F23FE2701DC093EC0067D87B /* LaunchScreen.storyboard */,
				F23FE2731DC093EC0067D87B /* Info.plist */,
				F23FE2651DC093EC0067D87B /* AppDelegate.h */,
				F23FE2661DC093EC0067D87B /* AppDelegate.m */,
				F23FE2631DC093EC0067D87B /* main.m */,
			);
			name = "Supporting Files";
			sourceTree = "<group>";
		};
/* End PBXGroup section */

/* Begin PBXNativeTarget section */
		F23FE25E1DC093EC0067D87B /* demo2 */ = {
			isa = PBXNativeTarget;
			buildConfigurationList = F23FE2761DC093EC0067D87B /* Build configuration list for PBXNativeTarget "demo2" */;
			buildPhases = (
				F23FE25B1DC093EC0067D87B /* Sources */,
				F23FE25C1DC093EC0067D87B /* Frameworks */,
				F23FE25D1DC093EC0067D87B /* Resources */,
			);
			buildRules = (
			);
			dependencies = (
			);
			name = demo2;
			productName = demo2;
			productReference = F23FE25F1DC093EC0067D87B /* demo2.app */;
			productType = "com.apple.product-type.application";
		};
/* End PBXNativeTarget section */

/* Begin PBXProject section */
		F23FE2571DC093EC0067D87B /* Project object */ = {
			isa = PBXProject;
			attributes = {
				LastUpgradeCheck = 0800;
				ORGANIZATIONNAME = spacetime;
				TargetAttributes = {
					F23FE25E1DC093EC0067D87B = {
						CreatedOnToolsVersion = 8.0;
						DevelopmentTeam = TXCLPPJG27;
						ProvisioningStyle = Automatic;
					};
				};
			};
			buildConfigurationList = F23FE25A1DC093EC0067D87B /* Build configuration list for PBXProject "demo2" */;
			compatibilityVersion = "Xcode 3.2";
			developmentRegion = English;
			hasScannedForEncodings = 0;
			knownRegions = (
				en,
				Base,
			);
			mainGroup = F23FE2561DC093EC0067D87B;
			productRefGroup = F23FE2601DC093EC0067D87B /* Products */;
			projectDirPath = "";
			projectRoot = "";
			targets = (
				F23FE25E1DC093EC0067D87B /* demo2 */,
			);
		};
/* End PBXProject section */

/* Begin PBXResourcesBuildPhase section */
		F23FE25D1DC093EC0067D87B /* Resources */ = {
			isa = PBXResourcesBuildPhase;
			buildActionMask = 2147483647;
			files = (
				F23FE2721DC093EC0067D87B /* LaunchScreen.storyboard in Resources */,
				F23FE26F1DC093EC0067D87B /* Assets.xcassets in Resources */,
				F23FE26D1DC093EC0067D87B /* Main.storyboard in Resources */,
			);
			runOnlyForDeploymentPostprocessing = 0;
		};
/* End PBXResourcesBuildPhase section */

/* Begin PBXSourcesBuildPhase section */
		F23FE25B1DC093EC0067D87B /* Sources */ = {
			isa = PBXSourcesBuildPhase;
			buildActionMask = 2147483647;
			files = (
				F23FE26A1DC093EC0067D87B /* ViewController.m in Sources */,
				F23FE2671DC093EC0067D87B /* AppDelegate.m in Sources */,
				F23FE2641DC093EC0067D87B /* main.m in Sources */,
				F23FE27B1DC09DDC0067D87B /* WhiteBoardView.m in Sources */,
			);
			runOnlyForDeploymentPostprocessing = 0;
		};
/* End PBXSourcesBuildPhase section */

/* Begin PBXVariantGroup section */
		F23FE26B1DC093EC0067D87B /* Main.storyboard */ = {
			isa = PBXVariantGroup;
			children = (
				F23FE26C1DC093EC0067D87B /* Base */,
			);
			name = Main.storyboard;
			sourceTree = "<group>";
		};
		F23FE2701DC093EC0067D87B /* LaunchScreen.storyboard */ = {
			isa = PBXVariantGroup;
			children = (
				F23FE2711DC093EC0067D87B /* Base */,
			);
			name = LaunchScreen.storyboard;
			sourceTree = "<group>";
		};
/* End PBXVariantGroup section */

/* Begin XCBuildConfiguration section */
		F23FE2741DC093EC0067D87B /* Debug */ = {
			isa = XCBuildConfiguration;
			buildSettings = {
				ALWAYS_SEARCH_USER_PATHS = NO;
				CLANG_ANALYZER_NONNULL = YES;
				CLANG_CXX_LANGUAGE_STANDARD = "gnu++0x";
				CLANG_CXX_LIBRARY = "libc++";
				CLANG_ENABLE_MODULES = YES;
				CLANG_ENABLE_OBJC_ARC = YES;
				CLANG_WARN_BOOL_CONVERSION = YES;
				CLANG_WARN_CONSTANT_CONVERSION = YES;
				CLANG_WARN_DIRECT_OBJC_ISA_USAGE = YES_ERROR;
				CLANG_WARN_DOCUMENTATION_COMMENTS = YES;
				CLANG_WARN_EMPTY_BODY = YES;
				CLANG_WARN_ENUM_CONVERSION = YES;
				CLANG_WARN_INFINITE_RECURSION = YES;
				CLANG_WARN_INT_CONVERSION = YES;
				CLANG_WARN_OBJC_ROOT_CLASS = YES_ERROR;
				CLANG_WARN_SUSPICIOUS_MOVES = YES;
				CLANG_WARN_UNREACHABLE_CODE = YES;
				CLANG_WARN__DUPLICATE_METHOD_MATCH = YES;
				"CODE_SIGN_IDENTITY[sdk=iphoneos*]" = "iPhone Developer";
				COPY_PHASE_STRIP = NO;
				DEBUG_INFORMATION_FORMAT = dwarf;
				ENABLE_STRICT_OBJC_MSGSEND = YES;
				ENABLE_TESTABILITY = YES;
				GCC_C_LANGUAGE_STANDARD = gnu99;
				GCC_DYNAMIC_NO_PIC = NO;
				GCC_NO_COMMON_BLOCKS = YES;
				GCC_OPTIMIZATION_LEVEL = 0;
				GCC_PREPROCESSOR_DEFINITIONS = (
					"DEBUG=1",
					"$(inherited)",
				);
				GCC_WARN_64_TO_32_BIT_CONVERSION = YES;
				GCC_WARN_ABOUT_RETURN_TYPE = YES_ERROR;
				GCC_WARN_UNDECLARED_SELECTOR = YES;
				GCC_WARN_UNINITIALIZED_AUTOS = YES_AGGRESSIVE;
				GCC_WARN_UNUSED_FUNCTION = YES;
				GCC_WARN_UNUSED_VARIABLE = YES;
				IPHONEOS_DEPLOYMENT_TARGET = 10.0;
				MTL_ENABLE_DEBUG_INFO = YES;
				ONLY_ACTIVE_ARCH = YES;
				SDKROOT = iphoneos;
				TARGETED_DEVICE_FAMILY = "1,2";
			};
			name = Debug;
		};
		F23FE2751DC093EC0067D87B /* Release */ = {
			isa = XCBuildConfiguration;
			buildSettings = {
				ALWAYS_SEARCH_USER_PATHS = NO;
				CLANG_ANALYZER_NONNULL = YES;
				CLANG_CXX_LANGUAGE_STANDARD = "gnu++0x";
				CLANG_CXX_LIBRARY = "libc++";
				CLANG_ENABLE_MODULES = YES;
				CLANG_ENABLE_OBJC_ARC = YES;
				CLANG_WARN_BOOL_CONVERSION = YES;
				CLANG_WARN_CONSTANT_CONVERSION = YES;
				CLANG_WARN_DIRECT_OBJC_ISA_USAGE = YES_ERROR;
				CLANG_WARN_DOCUMENTATION_COMMENTS = YES;
				CLANG_WARN_EMPTY_BODY = YES;
				CLANG_WARN_ENUM_CONVERSION = YES;
				CLANG_WARN_INFINITE_RECURSION = YES;
				CLANG_WARN_INT_CONVERSION = YES;
				CLANG_WARN_OBJC_ROOT_CLASS = YES_ERROR;
				CLANG_WARN_SUSPICIOUS_MOVES = YES;
				CLANG_WARN_UNREACHABLE_CODE = YES;
				CLANG_WARN__DUPLICATE_METHOD_MATCH = YES;
				"CODE_SIGN_IDENTITY[sdk=iphoneos*]" = "iPhone Developer";
				COPY_PHASE_STRIP = NO;
				DEBUG_INFORMATION_FORMAT = "dwarf-with-dsym";
				ENABLE_NS_ASSERTIONS = NO;
				ENABLE_STRICT_OBJC_MSGSEND = YES;
				GCC_C_LANGUAGE_STANDARD = gnu99;
				GCC_NO_COMMON_BLOCKS = YES;
				GCC_WARN_64_TO_32_BIT_CONVERSION = YES;
				GCC_WARN_ABOUT_RETURN_TYPE = YES_ERROR;
				GCC_WARN_UNDECLARED_SELECTOR = YES;
				GCC_WARN_UNINITIALIZED_AUTOS = YES_AGGRESSIVE;
				GCC_WARN_UNUSED_FUNCTION = YES;
				GCC_WARN_UNUSED_VARIABLE = YES;
				IPHONEOS_DEPLOYMENT_TARGET = 10.0;
				MTL_ENABLE_DEBUG_INFO = NO;
				SDKROOT = iphoneos;
				TARGETED_DEVICE_FAMILY = "1,2";
				VALIDATE_PRODUCT = YES;
			};
			name = Release;
		};
		F23FE2771DC093EC0067D87B /* Debug */ = {
			isa = XCBuildConfiguration;
			buildSettings = {
				ASSETCATALOG_COMPILER_APPICON_NAME = AppIcon;
				DEVELOPMENT_TEAM = TXCLPPJG27;
				INFOPLIST_FILE = demo2/Info.plist;
				LD_RUNPATH_SEARCH_PATHS = "$(inherited) @executable_path/Frameworks";
				PRODUCT_BUNDLE_IDENTIFIER = com.shishimao.demo2;
				PRODUCT_NAME = "$(TARGET_NAME)";
			};
			name = Debug;
		};
		F23FE2781DC093EC0067D87B /* Release */ = {
			isa = XCBuildConfiguration;
			buildSettings = {
				ASSETCATALOG_COMPILER_APPICON_NAME = AppIcon;
				DEVELOPMENT_TEAM = TXCLPPJG27;
				INFOPLIST_FILE = demo2/Info.plist;
				LD_RUNPATH_SEARCH_PATHS = "$(inherited) @executable_path/Frameworks";
				PRODUCT_BUNDLE_IDENTIFIER = com.shishimao.demo2;
				PRODUCT_NAME = "$(TARGET_NAME)";
			};
			name = Release;
		};
/* End XCBuildConfiguration section */

/* Begin XCConfigurationList section */
		F23FE25A1DC093EC0067D87B /* Build configuration list for PBXProject "demo2" */ = {
			isa = XCConfigurationList;
			buildConfigurations = (
				F23FE2741DC093EC0067D87B /* Debug */,
				F23FE2751DC093EC0067D87B /* Release */,
			);
			defaultConfigurationIsVisible = 0;
			defaultConfigurationName = Release;
		};
		F23FE2761DC093EC0067D87B /* Build configuration list for PBXNativeTarget "demo2" */ = {
			isa = XCConfigurationList;
			buildConfigurations = (
				F23FE2771DC093EC0067D87B /* Debug */,
				F23FE2781DC093EC0067D87B /* Release */,
			);
			defaultConfigurationIsVisible = 0;
		};
/* End XCConfigurationList section */
	};
	rootObject = F23FE2571DC093EC0067D87B /* Project object */;
}
